Microsoft Visual Studio Solution File, Format Version 12.00
Project("{FAE04EC0-301F-11D3-BF4B-00C04F79EFBC}") = "Core.Collections.NodeGraph", "Source\Core.Collections.NodeGraph\Core.Collections.NodeGraph.csproj", "{6A1B6C79-7507-4236-AACE-DDC39DBBE632}"
EndProject
Project("{FAE04EC0-301F-11D3-BF4B-00C04F79EFBC}") = "SuperiorIO", "Source\SuperiorIO\SuperiorIO.csproj", "{0A13BF22-78B2-4EFC-BED2-DEFE134F1F24}"
EndProject
Project("{FAE04EC0-301F-11D3-BF4B-00C04F79EFBC}") = "SuperiorIO.Test", "Source\SuperiorIO.Test\SuperiorIO.Test.csproj", "{F4B3BC02-6C0D-49A5-9403-570711DF1A6D}"
EndProject
Project("{FAE04EC0-301F-11D3-BF4B-00C04F79EFBC}") = "Markdown.Document", "Source\Markdown.Document\Markdown.Document.csproj", "{DEFC7A14-545C-4384-A102-B076C9AEDB62}"
EndProject
Project("{FAE04EC0-301F-11D3-BF4B-00C04F79EFBC}") = "Markdown.Document.Test", "Source\Markdown.Document.Test\Markdown.Document.Test.csproj", "{C307715E-86BF-4BE8-BAFB-70001893DA18}"
EndProject
Project("{FAE04EC0-301F-11D3-BF4B-00C04F79EFBC}") = "Markdown.Linter", "Source\Markdown.Linter\Markdown.Linter.csproj", "{17D3401E-7F6A-4B98-8B88-C8E64423EE7D}"
EndProject
Project("{FAE04EC0-301F-11D3-BF4B-00C04F79EFBC}") = "Markdown.Linter.Test", "Source\Markdown.Linter.Test\Markdown.Linter.Test.csproj", "{8D7EB87C-BFA0-460D-BEF4-18FBBD92C2A4}"
EndProject
Project("{FAE04EC0-301F-11D3-BF4B-00C04F79EFBC}") = "Markdown.Renderer", "Source\Markdown.Renderer\Markdown.Renderer.csproj", "{44099B33-28C3-4B91-9B68-0CBCF9A241B7}"
EndProject
Project("{FAE04EC0-301F-11D3-BF4B-00C04F79EFBC}") = "Markdown.Renderer.Test", "Source\Markdown.Renderer.Test\Markdown.Renderer.Test.csproj", "{8677E2CD-4EA3-42E1-A4A2-31B7FE27807E}"
EndProject
Project("{FAE04EC0-301F-11D3-BF4B-00C04F79EFBC}") = "StaticCode.Highlighter", "Source\StaticCode.Highlighter\StaticCode.Highlighter.csproj", "{0586A687-4CAC-4CD9-AF96-AD0AE1517E11}"
EndProject
Project("{FAE04EC0-301F-11D3-BF4B-00C04F79EFBC}") = "StaticCode.Highlighter.Test", "Source\StaticCode.Highlighter.Test\StaticCode.Highlighter.Test.csproj", "{FBE5D798-FC24-457E-9842-A8E171669C07}"
EndProject
Project("{FAE04EC0-301F-11D3-BF4B-00C04F79EFBC}") = "MarkdownUtil", "Source\MarkdownUtil\MarkdownUtil.csproj", "{CD280DE2-5F2B-42AA-872C-A9CBDB5FB6A4}"
EndProject
Project("{FAE04EC0-301F-11D3-BF4B-00C04F79EFBC}") = "MarkdownUtilTest", "Source\MarkdownUtilTest\MarkdownUtilTest.csproj", "{B4090DE9-AC77-462A-8879-AC4246ECECDD}"
EndProject
Project("{FAE04EC0-301F-11D3-BF4B-00C04F79EFBC}") = "_build", "Source\_build\_build.csproj", "{EA80992E-6E63-417D-87B5-01EDFD3DEC04}"
EndProject
Project("{2150E333-8FDC-42A3-9474-1A3956D46DE8}") = "Dependencies", "Dependencies", "{49498670-10EB-4219-BC09-0409C7EF5AB4}"
EndProject
Project("{2150E333-8FDC-42A3-9474-1A3956D46DE8}") = "Test", "Test", "{DE684C4F-73B3-4AD5-9C99-D85E38841115}"
EndProject
Global
	GlobalSection(SolutionConfigurationPlatforms) = preSolution
		Debug|Any CPU = Debug|Any CPU
		Release|Any CPU = Release|Any CPU
	EndGlobalSection
	GlobalSection(ProjectConfigurationPlatforms) = postSolution
		{6A1B6C79-7507-4236-AACE-DDC39DBBE632}.Debug|Any CPU.ActiveCfg = Debug|Any CPU
		{6A1B6C79-7507-4236-AACE-DDC39DBBE632}.Debug|Any CPU.Build.0 = Debug|Any CPU
		{6A1B6C79-7507-4236-AACE-DDC39DBBE632}.Release|Any CPU.ActiveCfg = Release|Any CPU
		{6A1B6C79-7507-4236-AACE-DDC39DBBE632}.Release|Any CPU.Build.0 = Release|Any CPU
		{0A13BF22-78B2-4EFC-BED2-DEFE134F1F24}.Debug|Any CPU.ActiveCfg = Debug|Any CPU
		{0A13BF22-78B2-4EFC-BED2-DEFE134F1F24}.Debug|Any CPU.Build.0 = Debug|Any CPU
		{0A13BF22-78B2-4EFC-BED2-DEFE134F1F24}.Release|Any CPU.ActiveCfg = Release|Any CPU
		{0A13BF22-78B2-4EFC-BED2-DEFE134F1F24}.Release|Any CPU.Build.0 = Release|Any CPU
		{F4B3BC02-6C0D-49A5-9403-570711DF1A6D}.Debug|Any CPU.ActiveCfg = Debug|Any CPU
		{F4B3BC02-6C0D-49A5-9403-570711DF1A6D}.Debug|Any CPU.Build.0 = Debug|Any CPU
		{F4B3BC02-6C0D-49A5-9403-570711DF1A6D}.Release|Any CPU.ActiveCfg = Release|Any CPU
		{F4B3BC02-6C0D-49A5-9403-570711DF1A6D}.Release|Any CPU.Build.0 = Release|Any CPU
		{DEFC7A14-545C-4384-A102-B076C9AEDB62}.Debug|Any CPU.ActiveCfg = Debug|Any CPU
		{DEFC7A14-545C-4384-A102-B076C9AEDB62}.Debug|Any CPU.Build.0 = Debug|Any CPU
		{DEFC7A14-545C-4384-A102-B076C9AEDB62}.Release|Any CPU.ActiveCfg = Release|Any CPU
		{DEFC7A14-545C-4384-A102-B076C9AEDB62}.Release|Any CPU.Build.0 = Release|Any CPU
		{C307715E-86BF-4BE8-BAFB-70001893DA18}.Debug|Any CPU.ActiveCfg = Debug|Any CPU
		{C307715E-86BF-4BE8-BAFB-70001893DA18}.Debug|Any CPU.Build.0 = Debug|Any CPU
		{C307715E-86BF-4BE8-BAFB-70001893DA18}.Release|Any CPU.ActiveCfg = Release|Any CPU
		{C307715E-86BF-4BE8-BAFB-70001893DA18}.Release|Any CPU.Build.0 = Release|Any CPU
		{17D3401E-7F6A-4B98-8B88-C8E64423EE7D}.Debug|Any CPU.ActiveCfg = Debug|Any CPU
		{17D3401E-7F6A-4B98-8B88-C8E64423EE7D}.Debug|Any CPU.Build.0 = Debug|Any CPU
		{17D3401E-7F6A-4B98-8B88-C8E64423EE7D}.Release|Any CPU.ActiveCfg = Release|Any CPU
		{17D3401E-7F6A-4B98-8B88-C8E64423EE7D}.Release|Any CPU.Build.0 = Release|Any CPU
		{8D7EB87C-BFA0-460D-BEF4-18FBBD92C2A4}.Debug|Any CPU.ActiveCfg = Debug|Any CPU
		{8D7EB87C-BFA0-460D-BEF4-18FBBD92C2A4}.Debug|Any CPU.Build.0 = Debug|Any CPU
		{8D7EB87C-BFA0-460D-BEF4-18FBBD92C2A4}.Release|Any CPU.ActiveCfg = Release|Any CPU
		{8D7EB87C-BFA0-460D-BEF4-18FBBD92C2A4}.Release|Any CPU.Build.0 = Release|Any CPU
		{44099B33-28C3-4B91-9B68-0CBCF9A241B7}.Debug|Any CPU.ActiveCfg = Debug|Any CPU
		{44099B33-28C3-4B91-9B68-0CBCF9A241B7}.Debug|Any CPU.Build.0 = Debug|Any CPU
		{44099B33-28C3-4B91-9B68-0CBCF9A241B7}.Release|Any CPU.ActiveCfg = Release|Any CPU
		{44099B33-28C3-4B91-9B68-0CBCF9A241B7}.Release|Any CPU.Build.0 = Release|Any CPU
		{8677E2CD-4EA3-42E1-A4A2-31B7FE27807E}.Debug|Any CPU.ActiveCfg = Debug|Any CPU
		{8677E2CD-4EA3-42E1-A4A2-31B7FE27807E}.Debug|Any CPU.Build.0 = Debug|Any CPU
		{8677E2CD-4EA3-42E1-A4A2-31B7FE27807E}.Release|Any CPU.ActiveCfg = Release|Any CPU
		{8677E2CD-4EA3-42E1-A4A2-31B7FE27807E}.Release|Any CPU.Build.0 = Release|Any CPU
		{0586A687-4CAC-4CD9-AF96-AD0AE1517E11}.Debug|Any CPU.ActiveCfg = Debug|Any CPU
		{0586A687-4CAC-4CD9-AF96-AD0AE1517E11}.Debug|Any CPU.Build.0 = Debug|Any CPU
		{0586A687-4CAC-4CD9-AF96-AD0AE1517E11}.Release|Any CPU.ActiveCfg = Release|Any CPU
		{0586A687-4CAC-4CD9-AF96-AD0AE1517E11}.Release|Any CPU.Build.0 = Release|Any CPU
		{FBE5D798-FC24-457E-9842-A8E171669C07}.Debug|Any CPU.ActiveCfg = Debug|Any CPU
		{FBE5D798-FC24-457E-9842-A8E171669C07}.Debug|Any CPU.Build.0 = Debug|Any CPU
		{FBE5D798-FC24-457E-9842-A8E171669C07}.Release|Any CPU.ActiveCfg = Release|Any CPU
		{FBE5D798-FC24-457E-9842-A8E171669C07}.Release|Any CPU.Build.0 = Release|Any CPU
		{CD280DE2-5F2B-42AA-872C-A9CBDB5FB6A4}.Debug|Any CPU.ActiveCfg = Debug|Any CPU
		{CD280DE2-5F2B-42AA-872C-A9CBDB5FB6A4}.Debug|Any CPU.Build.0 = Debug|Any CPU
		{CD280DE2-5F2B-42AA-872C-A9CBDB5FB6A4}.Release|Any CPU.ActiveCfg = Release|Any CPU
		{CD280DE2-5F2B-42AA-872C-A9CBDB5FB6A4}.Release|Any CPU.Build.0 = Release|Any CPU
		{B4090DE9-AC77-462A-8879-AC4246ECECDD}.Debug|Any CPU.ActiveCfg = Debug|Any CPU
		{B4090DE9-AC77-462A-8879-AC4246ECECDD}.Debug|Any CPU.Build.0 = Debug|Any CPU
		{B4090DE9-AC77-462A-8879-AC4246ECECDD}.Release|Any CPU.ActiveCfg = Release|Any CPU
		{B4090DE9-AC77-462A-8879-AC4246ECECDD}.Release|Any CPU.Build.0 = Release|Any CPU
		{EA80992E-6E63-417D-87B5-01EDFD3DEC04}.Debug|Any CPU.ActiveCfg = Debug|Any CPU
		{EA80992E-6E63-417D-87B5-01EDFD3DEC04}.Debug|Any CPU.Build.0 = Debug|Any CPU
		{EA80992E-6E63-417D-87B5-01EDFD3DEC04}.Release|Any CPU.ActiveCfg = Release|Any CPU
		{EA80992E-6E63-417D-87B5-01EDFD3DEC04}.Release|Any CPU.Build.0 = Release|Any CPU
	EndGlobalSection
	GlobalSection(NestedProjects) = preSolution
		{6A1B6C79-7507-4236-AACE-DDC39DBBE632} = {49498670-10EB-4219-BC09-0409C7EF5AB4}
		{DEFC7A14-545C-4384-A102-B076C9AEDB62} = {49498670-10EB-4219-BC09-0409C7EF5AB4}
		{17D3401E-7F6A-4B98-8B88-C8E64423EE7D} = {49498670-10EB-4219-BC09-0409C7EF5AB4}
		{44099B33-28C3-4B91-9B68-0CBCF9A241B7} = {49498670-10EB-4219-BC09-0409C7EF5AB4}
		{0586A687-4CAC-4CD9-AF96-AD0AE1517E11} = {49498670-10EB-4219-BC09-0409C7EF5AB4}
		{C307715E-86BF-4BE8-BAFB-70001893DA18} = {DE684C4F-73B3-4AD5-9C99-D85E38841115}
		{8D7EB87C-BFA0-460D-BEF4-18FBBD92C2A4} = {DE684C4F-73B3-4AD5-9C99-D85E38841115}
		{8677E2CD-4EA3-42E1-A4A2-31B7FE27807E} = {DE684C4F-73B3-4AD5-9C99-D85E38841115}
		{B4090DE9-AC77-462A-8879-AC4246ECECDD} = {DE684C4F-73B3-4AD5-9C99-D85E38841115}
		{FBE5D798-FC24-457E-9842-A8E171669C07} = {DE684C4F-73B3-4AD5-9C99-D85E38841115}
		{0A13BF22-78B2-4EFC-BED2-DEFE134F1F24} = {49498670-10EB-4219-BC09-0409C7EF5AB4}
		{F4B3BC02-6C0D-49A5-9403-570711DF1A6D} = {DE684C4F-73B3-4AD5-9C99-D85E38841115}
	EndGlobalSection
EndGlobal
